
Microsoft Visual Studio Solution File, Format Version 12.00
# Visual Studio 15
VisualStudioVersion = 15.0.27703.2026
MinimumVisualStudioVersion = 10.0.40219.1
Project("{FAE04EC0-301F-11D3-BF4B-00C04F79EFBC}") = "Smart.SMSSend", "Smart.SMSSend\Smart.SMSSend.csproj", "{BC382382-10A3-4254-9EF5-245A4FFA2B0E}"
EndProject
Project("{FAE04EC0-301F-11D3-BF4B-00C04F79EFBC}") = "DT.Data.Core", "..\DT.Data.Core\DT.Data.Core.csproj", "{D79DA5E5-73E1-425B-AD24-5D110EA3E56C}"
EndProject
Project("{2150E333-8FDC-42A3-9474-1A3956D46DE8}") = "LED", "LED", "{C0FD3B84-C52B-4E9A-AFBB-3A36CCE9777B}"
EndProject
Project("{FAE04EC0-301F-11D3-BF4B-00C04F79EFBC}") = "LedSendServer", "LedSendServer\LedSendServer.csproj", "{D9EACEB4-B78D-462D-A29B-1F6D37662927}"
EndProject
Project("{FAE04EC0-301F-11D3-BF4B-00C04F79EFBC}") = "Test", "Test\Test.csproj", "{9CD4255A-5730-4639-9B5D-563DB737EAD2}"
EndProject
Project("{FAE04EC0-301F-11D3-BF4B-00C04F79EFBC}") = "testall", "testall\testall.csproj", "{7258687C-5753-4F4C-932A-8C88EF338013}"
EndProject
Global
	GlobalSection(SolutionConfigurationPlatforms) = preSolution
		Debug|Any CPU = Debug|Any CPU
		Debug|ARM = Debug|ARM
		Debug|x64 = Debug|x64
		Debug|x86 = Debug|x86
		Release|Any CPU = Release|Any CPU
		Release|ARM = Release|ARM
		Release|x64 = Release|x64
		Release|x86 = Release|x86
	EndGlobalSection
	GlobalSection(ProjectConfigurationPlatforms) = postSolution
		{BC382382-10A3-4254-9EF5-245A4FFA2B0E}.Debug|Any CPU.ActiveCfg = Debug|Any CPU
		{BC382382-10A3-4254-9EF5-245A4FFA2B0E}.Debug|Any CPU.Build.0 = Debug|Any CPU
		{BC382382-10A3-4254-9EF5-245A4FFA2B0E}.Debug|ARM.ActiveCfg = Debug|Any CPU
		{BC382382-10A3-4254-9EF5-245A4FFA2B0E}.Debug|ARM.Build.0 = Debug|Any CPU
		{BC382382-10A3-4254-9EF5-245A4FFA2B0E}.Debug|x64.ActiveCfg = Debug|Any CPU
		{BC382382-10A3-4254-9EF5-245A4FFA2B0E}.Debug|x64.Build.0 = Debug|Any CPU
		{BC382382-10A3-4254-9EF5-245A4FFA2B0E}.Debug|x86.ActiveCfg = Debug|Any CPU
		{BC382382-10A3-4254-9EF5-245A4FFA2B0E}.Debug|x86.Build.0 = Debug|Any CPU
		{BC382382-10A3-4254-9EF5-245A4FFA2B0E}.Release|Any CPU.ActiveCfg = Release|Any CPU
		{BC382382-10A3-4254-9EF5-245A4FFA2B0E}.Release|Any CPU.Build.0 = Release|Any CPU
		{BC382382-10A3-4254-9EF5-245A4FFA2B0E}.Release|ARM.ActiveCfg = Release|Any CPU
		{BC382382-10A3-4254-9EF5-245A4FFA2B0E}.Release|ARM.Build.0 = Release|Any CPU
		{BC382382-10A3-4254-9EF5-245A4FFA2B0E}.Release|x64.ActiveCfg = Release|Any CPU
		{BC382382-10A3-4254-9EF5-245A4FFA2B0E}.Release|x64.Build.0 = Release|Any CPU
		{BC382382-10A3-4254-9EF5-245A4FFA2B0E}.Release|x86.ActiveCfg = Release|Any CPU
		{BC382382-10A3-4254-9EF5-245A4FFA2B0E}.Release|x86.Build.0 = Release|Any CPU
		{D79DA5E5-73E1-425B-AD24-5D110EA3E56C}.Debug|Any CPU.ActiveCfg = Debug|Any CPU
		{D79DA5E5-73E1-425B-AD24-5D110EA3E56C}.Debug|Any CPU.Build.0 = Debug|Any CPU
		{D79DA5E5-73E1-425B-AD24-5D110EA3E56C}.Debug|ARM.ActiveCfg = Debug|Any CPU
		{D79DA5E5-73E1-425B-AD24-5D110EA3E56C}.Debug|ARM.Build.0 = Debug|Any CPU
		{D79DA5E5-73E1-425B-AD24-5D110EA3E56C}.Debug|x64.ActiveCfg = Debug|Any CPU
		{D79DA5E5-73E1-425B-AD24-5D110EA3E56C}.Debug|x64.Build.0 = Debug|Any CPU
		{D79DA5E5-73E1-425B-AD24-5D110EA3E56C}.Debug|x86.ActiveCfg = Debug|Any CPU
		{D79DA5E5-73E1-425B-AD24-5D110EA3E56C}.Debug|x86.Build.0 = Debug|Any CPU
		{D79DA5E5-73E1-425B-AD24-5D110EA3E56C}.Release|Any CPU.ActiveCfg = Release|Any CPU
		{D79DA5E5-73E1-425B-AD24-5D110EA3E56C}.Release|Any CPU.Build.0 = Release|Any CPU
		{D79DA5E5-73E1-425B-AD24-5D110EA3E56C}.Release|ARM.ActiveCfg = Release|Any CPU
		{D79DA5E5-73E1-425B-AD24-5D110EA3E56C}.Release|ARM.Build.0 = Release|Any CPU
		{D79DA5E5-73E1-425B-AD24-5D110EA3E56C}.Release|x64.ActiveCfg = Release|Any CPU
		{D79DA5E5-73E1-425B-AD24-5D110EA3E56C}.Release|x64.Build.0 = Release|Any CPU
		{D79DA5E5-73E1-425B-AD24-5D110EA3E56C}.Release|x86.ActiveCfg = Release|Any CPU
		{D79DA5E5-73E1-425B-AD24-5D110EA3E56C}.Release|x86.Build.0 = Release|Any CPU
		{D9EACEB4-B78D-462D-A29B-1F6D37662927}.Debug|Any CPU.ActiveCfg = Debug|Any CPU
		{D9EACEB4-B78D-462D-A29B-1F6D37662927}.Debug|Any CPU.Build.0 = Debug|Any CPU
		{D9EACEB4-B78D-462D-A29B-1F6D37662927}.Debug|ARM.ActiveCfg = Debug|Any CPU
		{D9EACEB4-B78D-462D-A29B-1F6D37662927}.Debug|ARM.Build.0 = Debug|Any CPU
		{D9EACEB4-B78D-462D-A29B-1F6D37662927}.Debug|x64.ActiveCfg = Debug|Any CPU
		{D9EACEB4-B78D-462D-A29B-1F6D37662927}.Debug|x64.Build.0 = Debug|Any CPU
		{D9EACEB4-B78D-462D-A29B-1F6D37662927}.Debug|x86.ActiveCfg = Debug|Any CPU
		{D9EACEB4-B78D-462D-A29B-1F6D37662927}.Debug|x86.Build.0 = Debug|Any CPU
		{D9EACEB4-B78D-462D-A29B-1F6D37662927}.Release|Any CPU.ActiveCfg = Release|Any CPU
		{D9EACEB4-B78D-462D-A29B-1F6D37662927}.Release|Any CPU.Build.0 = Release|Any CPU
		{D9EACEB4-B78D-462D-A29B-1F6D37662927}.Release|ARM.ActiveCfg = Release|Any CPU
		{D9EACEB4-B78D-462D-A29B-1F6D37662927}.Release|ARM.Build.0 = Release|Any CPU
		{D9EACEB4-B78D-462D-A29B-1F6D37662927}.Release|x64.ActiveCfg = Release|Any CPU
		{D9EACEB4-B78D-462D-A29B-1F6D37662927}.Release|x64.Build.0 = Release|Any CPU
		{D9EACEB4-B78D-462D-A29B-1F6D37662927}.Release|x86.ActiveCfg = Release|Any CPU
		{D9EACEB4-B78D-462D-A29B-1F6D37662927}.Release|x86.Build.0 = Release|Any CPU
		{9CD4255A-5730-4639-9B5D-563DB737EAD2}.Debug|Any CPU.ActiveCfg = Debug|Any CPU
		{9CD4255A-5730-4639-9B5D-563DB737EAD2}.Debug|Any CPU.Build.0 = Debug|Any CPU
		{9CD4255A-5730-4639-9B5D-563DB737EAD2}.Debug|ARM.ActiveCfg = Debug|Any CPU
		{9CD4255A-5730-4639-9B5D-563DB737EAD2}.Debug|ARM.Build.0 = Debug|Any CPU
		{9CD4255A-5730-4639-9B5D-563DB737EAD2}.Debug|x64.ActiveCfg = Debug|Any CPU
		{9CD4255A-5730-4639-9B5D-563DB737EAD2}.Debug|x64.Build.0 = Debug|Any CPU
		{9CD4255A-5730-4639-9B5D-563DB737EAD2}.Debug|x86.ActiveCfg = Debug|Any CPU
		{9CD4255A-5730-4639-9B5D-563DB737EAD2}.Debug|x86.Build.0 = Debug|Any CPU
		{9CD4255A-5730-4639-9B5D-563DB737EAD2}.Release|Any CPU.ActiveCfg = Release|Any CPU
		{9CD4255A-5730-4639-9B5D-563DB737EAD2}.Release|Any CPU.Build.0 = Release|Any CPU
		{9CD4255A-5730-4639-9B5D-563DB737EAD2}.Release|ARM.ActiveCfg = Release|Any CPU
		{9CD4255A-5730-4639-9B5D-563DB737EAD2}.Release|ARM.Build.0 = Release|Any CPU
		{9CD4255A-5730-4639-9B5D-563DB737EAD2}.Release|x64.ActiveCfg = Release|Any CPU
		{9CD4255A-5730-4639-9B5D-563DB737EAD2}.Release|x64.Build.0 = Release|Any CPU
		{9CD4255A-5730-4639-9B5D-563DB737EAD2}.Release|x86.ActiveCfg = Release|Any CPU
		{9CD4255A-5730-4639-9B5D-563DB737EAD2}.Release|x86.Build.0 = Release|Any CPU
		{7258687C-5753-4F4C-932A-8C88EF338013}.Debug|Any CPU.ActiveCfg = Debug|Any CPU
		{7258687C-5753-4F4C-932A-8C88EF338013}.Debug|Any CPU.Build.0 = Debug|Any CPU
		{7258687C-5753-4F4C-932A-8C88EF338013}.Debug|ARM.ActiveCfg = Debug|Any CPU
		{7258687C-5753-4F4C-932A-8C88EF338013}.Debug|ARM.Build.0 = Debug|Any CPU
		{7258687C-5753-4F4C-932A-8C88EF338013}.Debug|x64.ActiveCfg = Debug|Any CPU
		{7258687C-5753-4F4C-932A-8C88EF338013}.Debug|x64.Build.0 = Debug|Any CPU
		{7258687C-5753-4F4C-932A-8C88EF338013}.Debug|x86.ActiveCfg = Debug|Any CPU
		{7258687C-5753-4F4C-932A-8C88EF338013}.Debug|x86.Build.0 = Debug|Any CPU
		{7258687C-5753-4F4C-932A-8C88EF338013}.Release|Any CPU.ActiveCfg = Release|Any CPU
		{7258687C-5753-4F4C-932A-8C88EF338013}.Release|Any CPU.Build.0 = Release|Any CPU
		{7258687C-5753-4F4C-932A-8C88EF338013}.Release|ARM.ActiveCfg = Release|Any CPU
		{7258687C-5753-4F4C-932A-8C88EF338013}.Release|ARM.Build.0 = Release|Any CPU
		{7258687C-5753-4F4C-932A-8C88EF338013}.Release|x64.ActiveCfg = Release|Any CPU
		{7258687C-5753-4F4C-932A-8C88EF338013}.Release|x64.Build.0 = Release|Any CPU
		{7258687C-5753-4F4C-932A-8C88EF338013}.Release|x86.ActiveCfg = Release|Any CPU
		{7258687C-5753-4F4C-932A-8C88EF338013}.Release|x86.Build.0 = Release|Any CPU
	EndGlobalSection
	GlobalSection(SolutionProperties) = preSolution
		HideSolutionNode = FALSE
	EndGlobalSection
	GlobalSection(NestedProjects) = preSolution
		{D9EACEB4-B78D-462D-A29B-1F6D37662927} = {C0FD3B84-C52B-4E9A-AFBB-3A36CCE9777B}
	EndGlobalSection
	GlobalSection(ExtensibilityGlobals) = postSolution
		SolutionGuid = {2C76CDCB-5F6E-4EFB-89F2-F7463503D934}
	EndGlobalSection
EndGlobal
